// !$*UTF8*$!
{
	archiveVersion = 1;
	classes = {
	};
	objectVersion = 48;
	objects = {

/* Begin PBXBuildFile section */
		2E9A4E9B1F7E6F2A00F267FA /* AppDelegate.m in Sources */ = {isa = PBXBuildFile; fileRef = 2E9A4E9A1F7E6F2A00F267FA /* AppDelegate.m */; };
		2E9A4EA11F7E6F2A00F267FA /* Main.storyboard in Resources */ = {isa = PBXBuildFile; fileRef = 2E9A4E9F1F7E6F2A00F267FA /* Main.storyboard */; };
		2E9A4EA31F7E6F2A00F267FA /* Assets.xcassets in Resources */ = {isa = PBXBuildFile; fileRef = 2E9A4EA21F7E6F2A00F267FA /* Assets.xcassets */; };
		2E9A4EA61F7E6F2A00F267FA /* LaunchScreen.storyboard in Resources */ = {isa = PBXBuildFile; fileRef = 2E9A4EA41F7E6F2A00F267FA /* LaunchScreen.storyboard */; };
		2E9A4EA91F7E6F2A00F267FA /* main.m in Sources */ = {isa = PBXBuildFile; fileRef = 2E9A4EA81F7E6F2A00F267FA /* main.m */; };
		2E9A4EB31F7E6F2A00F267FA /* ElevatorMaintainTests.m in Sources */ = {isa = PBXBuildFile; fileRef = 2E9A4EB21F7E6F2A00F267FA /* ElevatorMaintainTests.m */; };
		2E9A4EBE1F7E6F2A00F267FA /* ElevatorMaintainUITests.m in Sources */ = {isa = PBXBuildFile; fileRef = 2E9A4EBD1F7E6F2A00F267FA /* ElevatorMaintainUITests.m */; };
		2E9A4ED31F7E773500F267FA /* LoginViewController.m in Sources */ = {isa = PBXBuildFile; fileRef = 2E9A4ED11F7E773500F267FA /* LoginViewController.m */; };
		2E9A4ED41F7E773500F267FA /* LoginViewController.xib in Resources */ = {isa = PBXBuildFile; fileRef = 2E9A4ED21F7E773500F267FA /* LoginViewController.xib */; };
		2E9A4F611F7E9C3700F267FA /* UserViewController.m in Sources */ = {isa = PBXBuildFile; fileRef = 2E9A4F5F1F7E9C3700F267FA /* UserViewController.m */; };
		2E9A4F621F7E9C3700F267FA /* UserViewController.xib in Resources */ = {isa = PBXBuildFile; fileRef = 2E9A4F601F7E9C3700F267FA /* UserViewController.xib */; };
		2E9A4F661F7E9C4500F267FA /* RecordViewController.m in Sources */ = {isa = PBXBuildFile; fileRef = 2E9A4F641F7E9C4500F267FA /* RecordViewController.m */; };
		2E9A4F671F7E9C4500F267FA /* RecordViewController.xib in Resources */ = {isa = PBXBuildFile; fileRef = 2E9A4F651F7E9C4500F267FA /* RecordViewController.xib */; };
		2E9A4F6B1F7E9C5000F267FA /* NewsViewController.m in Sources */ = {isa = PBXBuildFile; fileRef = 2E9A4F691F7E9C5000F267FA /* NewsViewController.m */; };
		2E9A4F6C1F7E9C5000F267FA /* NewsViewController.xib in Resources */ = {isa = PBXBuildFile; fileRef = 2E9A4F6A1F7E9C5000F267FA /* NewsViewController.xib */; };
		2E9A4F701F7E9C9D00F267FA /* MainViewController.m in Sources */ = {isa = PBXBuildFile; fileRef = 2E9A4F6E1F7E9C9D00F267FA /* MainViewController.m */; };
		2E9A4F711F7E9C9D00F267FA /* MainViewController.xib in Resources */ = {isa = PBXBuildFile; fileRef = 2E9A4F6F1F7E9C9D00F267FA /* MainViewController.xib */; };
		2E9A4F751F7E9CAC00F267FA /* ElevatorViewController.m in Sources */ = {isa = PBXBuildFile; fileRef = 2E9A4F731F7E9CAC00F267FA /* ElevatorViewController.m */; };
		2E9A4F761F7E9CAC00F267FA /* ElevatorViewController.xib in Resources */ = {isa = PBXBuildFile; fileRef = 2E9A4F741F7E9CAC00F267FA /* ElevatorViewController.xib */; };
		319456FD1509FBE7A427013D /* libPods-ElevatorMaintain.a in Frameworks */ = {isa = PBXBuildFile; fileRef = AB8EE12660C5D457FD00CC44 /* libPods-ElevatorMaintain.a */; };
/* End PBXBuildFile section */

/* Begin PBXContainerItemProxy section */
		2E9A4EAF1F7E6F2A00F267FA /* PBXContainerItemProxy */ = {
			isa = PBXContainerItemProxy;
			containerPortal = 2E9A4E8E1F7E6F2900F267FA /* Project object */;
			proxyType = 1;
			remoteGlobalIDString = 2E9A4E951F7E6F2900F267FA;
			remoteInfo = ElevatorMaintain;
		};
		2E9A4EBA1F7E6F2A00F267FA /* PBXContainerItemProxy */ = {
			isa = PBXContainerItemProxy;
			containerPortal = 2E9A4E8E1F7E6F2900F267FA /* Project object */;
			proxyType = 1;
			remoteGlobalIDString = 2E9A4E951F7E6F2900F267FA;
			remoteInfo = ElevatorMaintain;
		};
/* End PBXContainerItemProxy section */

/* Begin PBXFileReference section */
		2E9A4E961F7E6F2900F267FA /* ElevatorMaintain.app */ = {isa = PBXFileReference; explicitFileType = wrapper.application; includeInIndex = 0; path = ElevatorMaintain.app; sourceTree = BUILT_PRODUCTS_DIR; };
		2E9A4E991F7E6F2900F267FA /* AppDelegate.h */ = {isa = PBXFileReference; lastKnownFileType = sourcecode.c.h; path = AppDelegate.h; sourceTree = "<group>"; };
		2E9A4E9A1F7E6F2A00F267FA /* AppDelegate.m */ = {isa = PBXFileReference; lastKnownFileType = sourcecode.c.objc; path = AppDelegate.m; sourceTree = "<group>"; };
		2E9A4EA01F7E6F2A00F267FA /* Base */ = {isa = PBXFileReference; lastKnownFileType = file.storyboard; name = Base; path = Base.lproj/Main.storyboard; sourceTree = "<group>"; };
		2E9A4EA21F7E6F2A00F267FA /* Assets.xcassets */ = {isa = PBXFileReference; lastKnownFileType = folder.assetcatalog; path = Assets.xcassets; sourceTree = "<group>"; };
		2E9A4EA51F7E6F2A00F267FA /* Base */ = {isa = PBXFileReference; lastKnownFileType = file.storyboard; name = Base; path = Base.lproj/LaunchScreen.storyboard; sourceTree = "<group>"; };
		2E9A4EA71F7E6F2A00F267FA /* Info.plist */ = {isa = PBXFileReference; lastKnownFileType = text.plist.xml; path = Info.plist; sourceTree = "<group>"; };
		2E9A4EA81F7E6F2A00F267FA /* main.m */ = {isa = PBXFileReference; lastKnownFileType = sourcecode.c.objc; path = main.m; sourceTree = "<group>"; };
		2E9A4EAE1F7E6F2A00F267FA /* ElevatorMaintainTests.xctest */ = {isa = PBXFileReference; explicitFileType = wrapper.cfbundle; includeInIndex = 0; path = ElevatorMaintainTests.xctest; sourceTree = BUILT_PRODUCTS_DIR; };
		2E9A4EB21F7E6F2A00F267FA /* ElevatorMaintainTests.m */ = {isa = PBXFileReference; lastKnownFileType = sourcecode.c.objc; path = ElevatorMaintainTests.m; sourceTree = "<group>"; };
		2E9A4EB41F7E6F2A00F267FA /* Info.plist */ = {isa = PBXFileReference; lastKnownFileType = text.plist.xml; path = Info.plist; sourceTree = "<group>"; };
		2E9A4EB91F7E6F2A00F267FA /* ElevatorMaintainUITests.xctest */ = {isa = PBXFileReference; explicitFileType = wrapper.cfbundle; includeInIndex = 0; path = ElevatorMaintainUITests.xctest; sourceTree = BUILT_PRODUCTS_DIR; };
		2E9A4EBD1F7E6F2A00F267FA /* ElevatorMaintainUITests.m */ = {isa = PBXFileReference; lastKnownFileType = sourcecode.c.objc; path = ElevatorMaintainUITests.m; sourceTree = "<group>"; };
		2E9A4EBF1F7E6F2A00F267FA /* Info.plist */ = {isa = PBXFileReference; lastKnownFileType = text.plist.xml; path = Info.plist; sourceTree = "<group>"; };
		2E9A4ED01F7E773500F267FA /* LoginViewController.h */ = {isa = PBXFileReference; lastKnownFileType = sourcecode.c.h; path = LoginViewController.h; sourceTree = "<group>"; };
		2E9A4ED11F7E773500F267FA /* LoginViewController.m */ = {isa = PBXFileReference; lastKnownFileType = sourcecode.c.objc; path = LoginViewController.m; sourceTree = "<group>"; };
		2E9A4ED21F7E773500F267FA /* LoginViewController.xib */ = {isa = PBXFileReference; lastKnownFileType = file.xib; path = LoginViewController.xib; sourceTree = "<group>"; };
		2E9A4F311F7E97ED00F267FA /* PrefixHeader.pch */ = {isa = PBXFileReference; lastKnownFileType = sourcecode.c.h; path = PrefixHeader.pch; sourceTree = "<group>"; };
		2E9A4F5E1F7E9C3700F267FA /* UserViewController.h */ = {isa = PBXFileReference; lastKnownFileType = sourcecode.c.h; path = UserViewController.h; sourceTree = "<group>"; };
		2E9A4F5F1F7E9C3700F267FA /* UserViewController.m */ = {isa = PBXFileReference; lastKnownFileType = sourcecode.c.objc; path = UserViewController.m; sourceTree = "<group>"; };
		2E9A4F601F7E9C3700F267FA /* UserViewController.xib */ = {isa = PBXFileReference; lastKnownFileType = file.xib; path = UserViewController.xib; sourceTree = "<group>"; };
		2E9A4F631F7E9C4500F267FA /* RecordViewController.h */ = {isa = PBXFileReference; lastKnownFileType = sourcecode.c.h; path = RecordViewController.h; sourceTree = "<group>"; };
		2E9A4F641F7E9C4500F267FA /* RecordViewController.m */ = {isa = PBXFileReference; lastKnownFileType = sourcecode.c.objc; path = RecordViewController.m; sourceTree = "<group>"; };
		2E9A4F651F7E9C4500F267FA /* RecordViewController.xib */ = {isa = PBXFileReference; lastKnownFileType = file.xib; path = RecordViewController.xib; sourceTree = "<group>"; };
		2E9A4F681F7E9C5000F267FA /* NewsViewController.h */ = {isa = PBXFileReference; lastKnownFileType = sourcecode.c.h; path = NewsViewController.h; sourceTree = "<group>"; };
		2E9A4F691F7E9C5000F267FA /* NewsViewController.m */ = {isa = PBXFileReference; lastKnownFileType = sourcecode.c.objc; path = NewsViewController.m; sourceTree = "<group>"; };
		2E9A4F6A1F7E9C5000F267FA /* NewsViewController.xib */ = {isa = PBXFileReference; lastKnownFileType = file.xib; path = NewsViewController.xib; sourceTree = "<group>"; };
		2E9A4F6D1F7E9C9D00F267FA /* MainViewController.h */ = {isa = PBXFileReference; lastKnownFileType = sourcecode.c.h; path = MainViewController.h; sourceTree = "<group>"; };
		2E9A4F6E1F7E9C9D00F267FA /* MainViewController.m */ = {isa = PBXFileReference; lastKnownFileType = sourcecode.c.objc; path = MainViewController.m; sourceTree = "<group>"; };
		2E9A4F6F1F7E9C9D00F267FA /* MainViewController.xib */ = {isa = PBXFileReference; lastKnownFileType = file.xib; path = MainViewController.xib; sourceTree = "<group>"; };
		2E9A4F721F7E9CAC00F267FA /* ElevatorViewController.h */ = {isa = PBXFileReference; lastKnownFileType = sourcecode.c.h; path = ElevatorViewController.h; sourceTree = "<group>"; };
		2E9A4F731F7E9CAC00F267FA /* ElevatorViewController.m */ = {isa = PBXFileReference; lastKnownFileType = sourcecode.c.objc; path = ElevatorViewController.m; sourceTree = "<group>"; };
		2E9A4F741F7E9CAC00F267FA /* ElevatorViewController.xib */ = {isa = PBXFileReference; lastKnownFileType = file.xib; path = ElevatorViewController.xib; sourceTree = "<group>"; };
		7AF73E2A080EFEDBFEC7F3FC /* Pods-ElevatorMaintain.debug.xcconfig */ = {isa = PBXFileReference; includeInIndex = 1; lastKnownFileType = text.xcconfig; name = "Pods-ElevatorMaintain.debug.xcconfig"; path = "Pods/Target Support Files/Pods-ElevatorMaintain/Pods-ElevatorMaintain.debug.xcconfig"; sourceTree = "<group>"; };
		AB8EE12660C5D457FD00CC44 /* libPods-ElevatorMaintain.a */ = {isa = PBXFileReference; explicitFileType = archive.ar; includeInIndex = 0; path = "libPods-ElevatorMaintain.a"; sourceTree = BUILT_PRODUCTS_DIR; };
		EF0B2F0016D91E2262F322B8 /* Pods-ElevatorMaintain.release.xcconfig */ = {isa = PBXFileReference; includeInIndex = 1; lastKnownFileType = text.xcconfig; name = "Pods-ElevatorMaintain.release.xcconfig"; path = "Pods/Target Support Files/Pods-ElevatorMaintain/Pods-ElevatorMaintain.release.xcconfig"; sourceTree = "<group>"; };
/* End PBXFileReference section */

/* Begin PBXFrameworksBuildPhase section */
		2E9A4E931F7E6F2900F267FA /* Frameworks */ = {
			isa = PBXFrameworksBuildPhase;
			buildActionMask = 2147483647;
			files = (
				319456FD1509FBE7A427013D /* libPods-ElevatorMaintain.a in Frameworks */,
			);
			runOnlyForDeploymentPostprocessing = 0;
		};
		2E9A4EAB1F7E6F2A00F267FA /* Frameworks */ = {
			isa = PBXFrameworksBuildPhase;
			buildActionMask = 2147483647;
			files = (
			);
			runOnlyForDeploymentPostprocessing = 0;
		};
		2E9A4EB61F7E6F2A00F267FA /* Frameworks */ = {
			isa = PBXFrameworksBuildPhase;
			buildActionMask = 2147483647;
			files = (
			);
			runOnlyForDeploymentPostprocessing = 0;
		};
/* End PBXFrameworksBuildPhase section */

/* Begin PBXGroup section */
		2E9A4E8D1F7E6F2900F267FA = {
			isa = PBXGroup;
			children = (
				2E9A4E981F7E6F2900F267FA /* ElevatorMaintain */,
				2E9A4EB11F7E6F2A00F267FA /* ElevatorMaintainTests */,
				2E9A4EBC1F7E6F2A00F267FA /* ElevatorMaintainUITests */,
				2E9A4E971F7E6F2900F267FA /* Products */,
				AE8FB3CA18D912F746094E96 /* Pods */,
				B548CE2F095AEF9BD1C9F9D5 /* Frameworks */,
			);
			sourceTree = "<group>";
		};
		2E9A4E971F7E6F2900F267FA /* Products */ = {
			isa = PBXGroup;
			children = (
				2E9A4E961F7E6F2900F267FA /* ElevatorMaintain.app */,
				2E9A4EAE1F7E6F2A00F267FA /* ElevatorMaintainTests.xctest */,
				2E9A4EB91F7E6F2A00F267FA /* ElevatorMaintainUITests.xctest */,
			);
			name = Products;
			sourceTree = "<group>";
		};
		2E9A4E981F7E6F2900F267FA /* ElevatorMaintain */ = {
			isa = PBXGroup;
			children = (
				2E9A4F351F7E9A1000F267FA /* controller */,
				2E9A4F341F7E99DB00F267FA /* Model */,
				2E9A4F331F7E99DB00F267FA /* Services */,
				2E9A4F321F7E99CF00F267FA /* View */,
				2E9A4ED01F7E773500F267FA /* LoginViewController.h */,
				2E9A4ED11F7E773500F267FA /* LoginViewController.m */,
				2E9A4ED21F7E773500F267FA /* LoginViewController.xib */,
				2E9A4E991F7E6F2900F267FA /* AppDelegate.h */,
				2E9A4E9A1F7E6F2A00F267FA /* AppDelegate.m */,
				2E9A4E9F1F7E6F2A00F267FA /* Main.storyboard */,
				2E9A4EA21F7E6F2A00F267FA /* Assets.xcassets */,
				2E9A4EA41F7E6F2A00F267FA /* LaunchScreen.storyboard */,
				2E9A4EA71F7E6F2A00F267FA /* Info.plist */,
				2E9A4EA81F7E6F2A00F267FA /* main.m */,
				2E9A4F311F7E97ED00F267FA /* PrefixHeader.pch */,
			);
			path = ElevatorMaintain;
			sourceTree = "<group>";
		};
		2E9A4EB11F7E6F2A00F267FA /* ElevatorMaintainTests */ = {
			isa = PBXGroup;
			children = (
				2E9A4EB21F7E6F2A00F267FA /* ElevatorMaintainTests.m */,
				2E9A4EB41F7E6F2A00F267FA /* Info.plist */,
			);
			path = ElevatorMaintainTests;
			sourceTree = "<group>";
		};
		2E9A4EBC1F7E6F2A00F267FA /* ElevatorMaintainUITests */ = {
			isa = PBXGroup;
			children = (
				2E9A4EBD1F7E6F2A00F267FA /* ElevatorMaintainUITests.m */,
				2E9A4EBF1F7E6F2A00F267FA /* Info.plist */,
			);
			path = ElevatorMaintainUITests;
			sourceTree = "<group>";
		};
		2E9A4F321F7E99CF00F267FA /* View */ = {
			isa = PBXGroup;
			children = (
			);
			path = View;
			sourceTree = "<group>";
		};
		2E9A4F331F7E99DB00F267FA /* Services */ = {
			isa = PBXGroup;
			children = (
			);
			path = Services;
			sourceTree = "<group>";
		};
		2E9A4F341F7E99DB00F267FA /* Model */ = {
			isa = PBXGroup;
			children = (
			);
			path = Model;
			sourceTree = "<group>";
		};
		2E9A4F351F7E9A1000F267FA /* controller */ = {
			isa = PBXGroup;
			children = (
				2E9A4F4A1F7E9AF600F267FA /* Elevator */,
				2E9A4F4E1F7E9AF600F267FA /* Main */,
				2E9A4F561F7E9AF600F267FA /* News */,
				2E9A4F521F7E9AF600F267FA /* Record */,
				2E9A4F5A1F7E9AF600F267FA /* User */,
			);
			path = controller;
			sourceTree = "<group>";
		};
		2E9A4F4A1F7E9AF600F267FA /* Elevator */ = {
			isa = PBXGroup;
			children = (
				2E9A4F721F7E9CAC00F267FA /* ElevatorViewController.h */,
				2E9A4F731F7E9CAC00F267FA /* ElevatorViewController.m */,
				2E9A4F741F7E9CAC00F267FA /* ElevatorViewController.xib */,
			);
			path = Elevator;
			sourceTree = "<group>";
		};
		2E9A4F4E1F7E9AF600F267FA /* Main */ = {
			isa = PBXGroup;
			children = (
				2E9A4F6D1F7E9C9D00F267FA /* MainViewController.h */,
				2E9A4F6E1F7E9C9D00F267FA /* MainViewController.m */,
				2E9A4F6F1F7E9C9D00F267FA /* MainViewController.xib */,
			);
			path = Main;
			sourceTree = "<group>";
		};
		2E9A4F521F7E9AF600F267FA /* Record */ = {
			isa = PBXGroup;
			children = (
				2E9A4F631F7E9C4500F267FA /* RecordViewController.h */,
				2E9A4F641F7E9C4500F267FA /* RecordViewController.m */,
				2E9A4F651F7E9C4500F267FA /* RecordViewController.xib */,
			);
			path = Record;
			sourceTree = "<group>";
		};
		2E9A4F561F7E9AF600F267FA /* News */ = {
			isa = PBXGroup;
			children = (
				2E9A4F681F7E9C5000F267FA /* NewsViewController.h */,
				2E9A4F691F7E9C5000F267FA /* NewsViewController.m */,
				2E9A4F6A1F7E9C5000F267FA /* NewsViewController.xib */,
			);
			path = News;
			sourceTree = "<group>";
		};
		2E9A4F5A1F7E9AF600F267FA /* User */ = {
			isa = PBXGroup;
			children = (
				2E9A4F5E1F7E9C3700F267FA /* UserViewController.h */,
				2E9A4F5F1F7E9C3700F267FA /* UserViewController.m */,
				2E9A4F601F7E9C3700F267FA /* UserViewController.xib */,
			);
			path = User;
			sourceTree = "<group>";
		};
		AE8FB3CA18D912F746094E96 /* Pods */ = {
			isa = PBXGroup;
			children = (
				7AF73E2A080EFEDBFEC7F3FC /* Pods-ElevatorMaintain.debug.xcconfig */,
				EF0B2F0016D91E2262F322B8 /* Pods-ElevatorMaintain.release.xcconfig */,
			);
			name = Pods;
			sourceTree = "<group>";
		};
		B548CE2F095AEF9BD1C9F9D5 /* Frameworks */ = {
			isa = PBXGroup;
			children = (
				AB8EE12660C5D457FD00CC44 /* libPods-ElevatorMaintain.a */,
			);
			name = Frameworks;
			sourceTree = "<group>";
		};
/* End PBXGroup section */

/* Begin PBXNativeTarget section */
		2E9A4E951F7E6F2900F267FA /* ElevatorMaintain */ = {
			isa = PBXNativeTarget;
			buildConfigurationList = 2E9A4EC21F7E6F2A00F267FA /* Build configuration list for PBXNativeTarget "ElevatorMaintain" */;
			buildPhases = (
				8BB27C308228DEFA47FC4207 /* [CP] Check Pods Manifest.lock */,
				2E9A4E921F7E6F2900F267FA /* Sources */,
				2E9A4E931F7E6F2900F267FA /* Frameworks */,
				2E9A4E941F7E6F2900F267FA /* Resources */,
				34ADA0A6E76BF1FCB3052E08 /* [CP] Embed Pods Frameworks */,
				C2DAE5C599D6AE0662280E46 /* [CP] Copy Pods Resources */,
			);
			buildRules = (
			);
			dependencies = (
			);
			name = ElevatorMaintain;
			productName = ElevatorMaintain;
			productReference = 2E9A4E961F7E6F2900F267FA /* ElevatorMaintain.app */;
			productType = "com.apple.product-type.application";
		};
		2E9A4EAD1F7E6F2A00F267FA /* ElevatorMaintainTests */ = {
			isa = PBXNativeTarget;
			buildConfigurationList = 2E9A4EC51F7E6F2A00F267FA /* Build configuration list for PBXNativeTarget "ElevatorMaintainTests" */;
			buildPhases = (
				2E9A4EAA1F7E6F2A00F267FA /* Sources */,
				2E9A4EAB1F7E6F2A00F267FA /* Frameworks */,
				2E9A4EAC1F7E6F2A00F267FA /* Resources */,
			);
			buildRules = (
			);
			dependencies = (
				2E9A4EB01F7E6F2A00F267FA /* PBXTargetDependency */,
			);
			name = ElevatorMaintainTests;
			productName = ElevatorMaintainTests;
			productReference = 2E9A4EAE1F7E6F2A00F267FA /* ElevatorMaintainTests.xctest */;
			productType = "com.apple.product-type.bundle.unit-test";
		};
		2E9A4EB81F7E6F2A00F267FA /* ElevatorMaintainUITests */ = {
			isa = PBXNativeTarget;
			buildConfigurationList = 2E9A4EC81F7E6F2A00F267FA /* Build configuration list for PBXNativeTarget "ElevatorMaintainUITests" */;
			buildPhases = (
				2E9A4EB51F7E6F2A00F267FA /* Sources */,
				2E9A4EB61F7E6F2A00F267FA /* Frameworks */,
				2E9A4EB71F7E6F2A00F267FA /* Resources */,
			);
			buildRules = (
			);
			dependencies = (
				2E9A4EBB1F7E6F2A00F267FA /* PBXTargetDependency */,
			);
			name = ElevatorMaintainUITests;
			productName = ElevatorMaintainUITests;
			productReference = 2E9A4EB91F7E6F2A00F267FA /* ElevatorMaintainUITests.xctest */;
			productType = "com.apple.product-type.bundle.ui-testing";
		};
/* End PBXNativeTarget section */

/* Begin PBXProject section */
		2E9A4E8E1F7E6F2900F267FA /* Project object */ = {
			isa = PBXProject;
			attributes = {
				LastUpgradeCheck = 0900;
				ORGANIZATIONNAME = zxy;
				TargetAttributes = {
					2E9A4E951F7E6F2900F267FA = {
						CreatedOnToolsVersion = 9.0;
						ProvisioningStyle = Automatic;
					};
					2E9A4EAD1F7E6F2A00F267FA = {
						CreatedOnToolsVersion = 9.0;
						ProvisioningStyle = Automatic;
						TestTargetID = 2E9A4E951F7E6F2900F267FA;
					};
					2E9A4EB81F7E6F2A00F267FA = {
						CreatedOnToolsVersion = 9.0;
						ProvisioningStyle = Automatic;
						TestTargetID = 2E9A4E951F7E6F2900F267FA;
					};
				};
			};
			buildConfigurationList = 2E9A4E911F7E6F2900F267FA /* Build configuration list for PBXProject "ElevatorMaintain" */;
			compatibilityVersion = "Xcode 8.0";
			developmentRegion = en;
			hasScannedForEncodings = 0;
			knownRegions = (
				en,
				Base,
			);
			mainGroup = 2E9A4E8D1F7E6F2900F267FA;
			productRefGroup = 2E9A4E971F7E6F2900F267FA /* Products */;
			projectDirPath = "";
			projectRoot = "";
			targets = (
				2E9A4E951F7E6F2900F267FA /* ElevatorMaintain */,
				2E9A4EAD1F7E6F2A00F267FA /* ElevatorMaintainTests */,
				2E9A4EB81F7E6F2A00F267FA /* ElevatorMaintainUITests */,
			);
		};
/* End PBXProject section */

/* Begin PBXResourcesBuildPhase section */
		2E9A4E941F7E6F2900F267FA /* Resources */ = {
			isa = PBXResourcesBuildPhase;
			buildActionMask = 2147483647;
			files = (
				2E9A4ED41F7E773500F267FA /* LoginViewController.xib in Resources */,
				2E9A4F621F7E9C3700F267FA /* UserViewController.xib in Resources */,
				2E9A4EA61F7E6F2A00F267FA /* LaunchScreen.storyboard in Resources */,
				2E9A4F711F7E9C9D00F267FA /* MainViewController.xib in Resources */,
				2E9A4F761F7E9CAC00F267FA /* ElevatorViewController.xib in Resources */,
				2E9A4EA31F7E6F2A00F267FA /* Assets.xcassets in Resources */,
				2E9A4EA11F7E6F2A00F267FA /* Main.storyboard in Resources */,
				2E9A4F671F7E9C4500F267FA /* RecordViewController.xib in Resources */,
				2E9A4F6C1F7E9C5000F267FA /* NewsViewController.xib in Resources */,
			);
			runOnlyForDeploymentPostprocessing = 0;
		};
		2E9A4EAC1F7E6F2A00F267FA /* Resources */ = {
			isa = PBXResourcesBuildPhase;
			buildActionMask = 2147483647;
			files = (
			);
			runOnlyForDeploymentPostprocessing = 0;
		};
		2E9A4EB71F7E6F2A00F267FA /* Resources */ = {
			isa = PBXResourcesBuildPhase;
			buildActionMask = 2147483647;
			files = (
			);
			runOnlyForDeploymentPostprocessing = 0;
		};
/* End PBXResourcesBuildPhase section */

/* Begin PBXShellScriptBuildPhase section */
		34ADA0A6E76BF1FCB3052E08 /* [CP] Embed Pods Frameworks */ = {
			isa = PBXShellScriptBuildPhase;
			buildActionMask = 2147483647;
			files = (
			);
			inputPaths = (
			);
			name = "[CP] Embed Pods Frameworks";
			outputPaths = (
			);
			runOnlyForDeploymentPostprocessing = 0;
			shellPath = /bin/sh;
			shellScript = "\"${SRCROOT}/Pods/Target Support Files/Pods-ElevatorMaintain/Pods-ElevatorMaintain-frameworks.sh\"\n";
			showEnvVarsInLog = 0;
		};
		8BB27C308228DEFA47FC4207 /* [CP] Check Pods Manifest.lock */ = {
			isa = PBXShellScriptBuildPhase;
			buildActionMask = 2147483647;
			files = (
			);
			inputPaths = (
			);
			name = "[CP] Check Pods Manifest.lock";
			outputPaths = (
			);
			runOnlyForDeploymentPostprocessing = 0;
			shellPath = /bin/sh;
			shellScript = "diff \"${PODS_ROOT}/../Podfile.lock\" \"${PODS_ROOT}/Manifest.lock\" > /dev/null\nif [ $? != 0 ] ; then\n    # print error to STDERR\n    echo \"error: The sandbox is not in sync with the Podfile.lock. Run 'pod install' or update your CocoaPods installation.\" >&2\n    exit 1\nfi\n";
			showEnvVarsInLog = 0;
		};
		C2DAE5C599D6AE0662280E46 /* [CP] Copy Pods Resources */ = {
			isa = PBXShellScriptBuildPhase;
			buildActionMask = 2147483647;
			files = (
			);
			inputPaths = (
			);
			name = "[CP] Copy Pods Resources";
			outputPaths = (
			);
			runOnlyForDeploymentPostprocessing = 0;
			shellPath = /bin/sh;
			shellScript = "\"${SRCROOT}/Pods/Target Support Files/Pods-ElevatorMaintain/Pods-ElevatorMaintain-resources.sh\"\n";
			showEnvVarsInLog = 0;
		};
/* End PBXShellScriptBuildPhase section */

/* Begin PBXSourcesBuildPhase section */
		2E9A4E921F7E6F2900F267FA /* Sources */ = {
			isa = PBXSourcesBuildPhase;
			buildActionMask = 2147483647;
			files = (
				2E9A4EA91F7E6F2A00F267FA /* main.m in Sources */,
				2E9A4F611F7E9C3700F267FA /* UserViewController.m in Sources */,
				2E9A4E9B1F7E6F2A00F267FA /* AppDelegate.m in Sources */,
				2E9A4F6B1F7E9C5000F267FA /* NewsViewController.m in Sources */,
				2E9A4F751F7E9CAC00F267FA /* ElevatorViewController.m in Sources */,
				2E9A4F701F7E9C9D00F267FA /* MainViewController.m in Sources */,
				2E9A4ED31F7E773500F267FA /* LoginViewController.m in Sources */,
				2E9A4F661F7E9C4500F267FA /* RecordViewController.m in Sources */,
			);
			runOnlyForDeploymentPostprocessing = 0;
		};
		2E9A4EAA1F7E6F2A00F267FA /* Sources */ = {
			isa = PBXSourcesBuildPhase;
			buildActionMask = 2147483647;
			files = (
				2E9A4EB31F7E6F2A00F267FA /* ElevatorMaintainTests.m in Sources */,
			);
			runOnlyForDeploymentPostprocessing = 0;
		};
		2E9A4EB51F7E6F2A00F267FA /* Sources */ = {
			isa = PBXSourcesBuildPhase;
			buildActionMask = 2147483647;
			files = (
				2E9A4EBE1F7E6F2A00F267FA /* ElevatorMaintainUITests.m in Sources */,
			);
			runOnlyForDeploymentPostprocessing = 0;
		};
/* End PBXSourcesBuildPhase section */

/* Begin PBXTargetDependency section */
		2E9A4EB01F7E6F2A00F267FA /* PBXTargetDependency */ = {
			isa = PBXTargetDependency;
			target = 2E9A4E951F7E6F2900F267FA /* ElevatorMaintain */;
			targetProxy = 2E9A4EAF1F7E6F2A00F267FA /* PBXContainerItemProxy */;
		};
		2E9A4EBB1F7E6F2A00F267FA /* PBXTargetDependency */ = {
			isa = PBXTargetDependency;
			target = 2E9A4E951F7E6F2900F267FA /* ElevatorMaintain */;
			targetProxy = 2E9A4EBA1F7E6F2A00F267FA /* PBXContainerItemProxy */;
		};
/* End PBXTargetDependency section */

/* Begin PBXVariantGroup section */
		2E9A4E9F1F7E6F2A00F267FA /* Main.storyboard */ = {
			isa = PBXVariantGroup;
			children = (
				2E9A4EA01F7E6F2A00F267FA /* Base */,
			);
			name = Main.storyboard;
			sourceTree = "<group>";
		};
		2E9A4EA41F7E6F2A00F267FA /* LaunchScreen.storyboard */ = {
			isa = PBXVariantGroup;
			children = (
				2E9A4EA51F7E6F2A00F267FA /* Base */,
			);
			name = LaunchScreen.storyboard;
			sourceTree = "<group>";
		};
/* End PBXVariantGroup section */

/* Begin XCBuildConfiguration section */
		2E9A4EC01F7E6F2A00F267FA /* Debug */ = {
			isa = XCBuildConfiguration;
			buildSettings = {
				ALWAYS_SEARCH_USER_PATHS = NO;
				CLANG_ANALYZER_NONNULL = YES;
				CLANG_ANALYZER_NUMBER_OBJECT_CONVERSION = YES_AGGRESSIVE;
				CLANG_CXX_LANGUAGE_STANDARD = "gnu++14";
				CLANG_CXX_LIBRARY = "libc++";
				CLANG_ENABLE_MODULES = YES;
				CLANG_ENABLE_OBJC_ARC = YES;
				CLANG_WARN_BLOCK_CAPTURE_AUTORELEASING = YES;
				CLANG_WARN_BOOL_CONVERSION = YES;
				CLANG_WARN_COMMA = YES;
				CLANG_WARN_CONSTANT_CONVERSION = YES;
				CLANG_WARN_DIRECT_OBJC_ISA_USAGE = YES_ERROR;
				CLANG_WARN_DOCUMENTATION_COMMENTS = YES;
				CLANG_WARN_EMPTY_BODY = YES;
				CLANG_WARN_ENUM_CONVERSION = YES;
				CLANG_WARN_INFINITE_RECURSION = YES;
				CLANG_WARN_INT_CONVERSION = YES;
				CLANG_WARN_NON_LITERAL_NULL_CONVERSION = YES;
				CLANG_WARN_OBJC_LITERAL_CONVERSION = YES;
				CLANG_WARN_OBJC_ROOT_CLASS = YES_ERROR;
				CLANG_WARN_RANGE_LOOP_ANALYSIS = YES;
				CLANG_WARN_STRICT_PROTOTYPES = YES;
				CLANG_WARN_SUSPICIOUS_MOVE = YES;
				CLANG_WARN_UNGUARDED_AVAILABILITY = YES_AGGRESSIVE;
				CLANG_WARN_UNREACHABLE_CODE = YES;
				CLANG_WARN__DUPLICATE_METHOD_MATCH = YES;
				CODE_SIGN_IDENTITY = "iPhone Developer";
				COPY_PHASE_STRIP = NO;
				DEBUG_INFORMATION_FORMAT = dwarf;
				ENABLE_STRICT_OBJC_MSGSEND = YES;
				ENABLE_TESTABILITY = YES;
				GCC_C_LANGUAGE_STANDARD = gnu11;
				GCC_DYNAMIC_NO_PIC = NO;
				GCC_NO_COMMON_BLOCKS = YES;
				GCC_OPTIMIZATION_LEVEL = 0;
				GCC_PREPROCESSOR_DEFINITIONS = (
					"DEBUG=1",
					"$(inherited)",
				);
				GCC_WARN_64_TO_32_BIT_CONVERSION = YES;
				GCC_WARN_ABOUT_RETURN_TYPE = YES_ERROR;
				GCC_WARN_UNDECLARED_SELECTOR = YES;
				GCC_WARN_UNINITIALIZED_AUTOS = YES_AGGRESSIVE;
				GCC_WARN_UNUSED_FUNCTION = YES;
				GCC_WARN_UNUSED_VARIABLE = YES;
				IPHONEOS_DEPLOYMENT_TARGET = 11.0;
				MTL_ENABLE_DEBUG_INFO = YES;
				ONLY_ACTIVE_ARCH = YES;
				SDKROOT = iphoneos;
			};
			name = Debug;
		};
		2E9A4EC11F7E6F2A00F267FA /* Release */ = {
			isa = XCBuildConfiguration;
			buildSettings = {
				ALWAYS_SEARCH_USER_PATHS = NO;
				CLANG_ANALYZER_NONNULL = YES;
				CLANG_ANALYZER_NUMBER_OBJECT_CONVERSION = YES_AGGRESSIVE;
				CLANG_CXX_LANGUAGE_STANDARD = "gnu++14";
				CLANG_CXX_LIBRARY = "libc++";
				CLANG_ENABLE_MODULES = YES;
				CLANG_ENABLE_OBJC_ARC = YES;
				CLANG_WARN_BLOCK_CAPTURE_AUTORELEASING = YES;
				CLANG_WARN_BOOL_CONVERSION = YES;
				CLANG_WARN_COMMA = YES;
				CLANG_WARN_CONSTANT_CONVERSION = YES;
				CLANG_WARN_DIRECT_OBJC_ISA_USAGE = YES_ERROR;
				CLANG_WARN_DOCUMENTATION_COMMENTS = YES;
				CLANG_WARN_EMPTY_BODY = YES;
				CLANG_WARN_ENUM_CONVERSION = YES;
				CLANG_WARN_INFINITE_RECURSION = YES;
				CLANG_WARN_INT_CONVERSION = YES;
				CLANG_WARN_NON_LITERAL_NULL_CONVERSION = YES;
				CLANG_WARN_OBJC_LITERAL_CONVERSION = YES;
				CLANG_WARN_OBJC_ROOT_CLASS = YES_ERROR;
				CLANG_WARN_RANGE_LOOP_ANALYSIS = YES;
				CLANG_WARN_STRICT_PROTOTYPES = YES;
				CLANG_WARN_SUSPICIOUS_MOVE = YES;
				CLANG_WARN_UNGUARDED_AVAILABILITY = YES_AGGRESSIVE;
				CLANG_WARN_UNREACHABLE_CODE = YES;
				CLANG_WARN__DUPLICATE_METHOD_MATCH = YES;
				CODE_SIGN_IDENTITY = "iPhone Developer";
				COPY_PHASE_STRIP = NO;
				DEBUG_INFORMATION_FORMAT = "dwarf-with-dsym";
				ENABLE_NS_ASSERTIONS = NO;
				ENABLE_STRICT_OBJC_MSGSEND = YES;
				GCC_C_LANGUAGE_STANDARD = gnu11;
				GCC_NO_COMMON_BLOCKS = YES;
				GCC_WARN_64_TO_32_BIT_CONVERSION = YES;
				GCC_WARN_ABOUT_RETURN_TYPE = YES_ERROR;
				GCC_WARN_UNDECLARED_SELECTOR = YES;
				GCC_WARN_UNINITIALIZED_AUTOS = YES_AGGRESSIVE;
				GCC_WARN_UNUSED_FUNCTION = YES;
				GCC_WARN_UNUSED_VARIABLE = YES;
				IPHONEOS_DEPLOYMENT_TARGET = 11.0;
				MTL_ENABLE_DEBUG_INFO = NO;
				SDKROOT = iphoneos;
				VALIDATE_PRODUCT = YES;
			};
			name = Release;
		};
		2E9A4EC31F7E6F2A00F267FA /* Debug */ = {
			isa = XCBuildConfiguration;
			baseConfigurationReference = 7AF73E2A080EFEDBFEC7F3FC /* Pods-ElevatorMaintain.debug.xcconfig */;
			buildSettings = {
				ASSETCATALOG_COMPILER_APPICON_NAME = AppIcon;
				CODE_SIGN_STYLE = Automatic;
				DEVELOPMENT_TEAM = C49F86L9CJ;
				GCC_PREFIX_HEADER = "$(SRCROOT)/ElevatorMaintain/PrefixHeader.pch";
				INFOPLIST_FILE = ElevatorMaintain/Info.plist;
				LD_RUNPATH_SEARCH_PATHS = "$(inherited) @executable_path/Frameworks";
				PRODUCT_BUNDLE_IDENTIFIER = com.zxy.ElevatorMaintain;
				PRODUCT_NAME = "$(TARGET_NAME)";
				TARGETED_DEVICE_FAMILY = "1,2";
			};
			name = Debug;
		};
		2E9A4EC41F7E6F2A00F267FA /* Release */ = {
			isa = XCBuildConfiguration;
			baseConfigurationReference = EF0B2F0016D91E2262F322B8 /* Pods-ElevatorMaintain.release.xcconfig */;
			buildSettings = {
				ASSETCATALOG_COMPILER_APPICON_NAME = AppIcon;
				CODE_SIGN_STYLE = Automatic;
				DEVELOPMENT_TEAM = C49F86L9CJ;
				GCC_PREFIX_HEADER = "$(SRCROOT)/ElevatorMaintain/PrefixHeader.pch";
				INFOPLIST_FILE = ElevatorMaintain/Info.plist;
				LD_RUNPATH_SEARCH_PATHS = "$(inherited) @executable_path/Frameworks";
				PRODUCT_BUNDLE_IDENTIFIER = com.zxy.ElevatorMaintain;
				PRODUCT_NAME = "$(TARGET_NAME)";
				TARGETED_DEVICE_FAMILY = "1,2";
			};
			name = Release;
		};
		2E9A4EC61F7E6F2A00F267FA /* Debug */ = {
			isa = XCBuildConfiguration;
			buildSettings = {
				BUNDLE_LOADER = "$(TEST_HOST)";
				CODE_SIGN_STYLE = Automatic;
				DEVELOPMENT_TEAM = C49F86L9CJ;
				INFOPLIST_FILE = ElevatorMaintainTests/Info.plist;
				LD_RUNPATH_SEARCH_PATHS = "$(inherited) @executable_path/Frameworks @loader_path/Frameworks";
				PRODUCT_BUNDLE_IDENTIFIER = com.zxy.ElevatorMaintainTests;
				PRODUCT_NAME = "$(TARGET_NAME)";
				TARGETED_DEVICE_FAMILY = "1,2";
				TEST_HOST = "$(BUILT_PRODUCTS_DIR)/ElevatorMaintain.app/ElevatorMaintain";
			};
			name = Debug;
		};
		2E9A4EC71F7E6F2A00F267FA /* Release */ = {
			isa = XCBuildConfiguration;
			buildSettings = {
				BUNDLE_LOADER = "$(TEST_HOST)";
				CODE_SIGN_STYLE = Automatic;
				DEVELOPMENT_TEAM = C49F86L9CJ;
				INFOPLIST_FILE = ElevatorMaintainTests/Info.plist;
				LD_RUNPATH_SEARCH_PATHS = "$(inherited) @executable_path/Frameworks @loader_path/Frameworks";
				PRODUCT_BUNDLE_IDENTIFIER = com.zxy.ElevatorMaintainTests;
				PRODUCT_NAME = "$(TARGET_NAME)";
				TARGETED_DEVICE_FAMILY = "1,2";
				TEST_HOST = "$(BUILT_PRODUCTS_DIR)/ElevatorMaintain.app/ElevatorMaintain";
			};
			name = Release;
		};
		2E9A4EC91F7E6F2A00F267FA /* Debug */ = {
			isa = XCBuildConfiguration;
			buildSettings = {
				CODE_SIGN_STYLE = Automatic;
				DEVELOPMENT_TEAM = C49F86L9CJ;
				INFOPLIST_FILE = ElevatorMaintainUITests/Info.plist;
				LD_RUNPATH_SEARCH_PATHS = "$(inherited) @executable_path/Frameworks @loader_path/Frameworks";
				PRODUCT_BUNDLE_IDENTIFIER = com.zxy.ElevatorMaintainUITests;
				PRODUCT_NAME = "$(TARGET_NAME)";
				TARGETED_DEVICE_FAMILY = "1,2";
				TEST_TARGET_NAME = ElevatorMaintain;
			};
			name = Debug;
		};
		2E9A4ECA1F7E6F2A00F267FA /* Release */ = {
			isa = XCBuildConfiguration;
			buildSettings = {
				CODE_SIGN_STYLE = Automatic;
				DEVELOPMENT_TEAM = C49F86L9CJ;
				INFOPLIST_FILE = ElevatorMaintainUITests/Info.plist;
				LD_RUNPATH_SEARCH_PATHS = "$(inherited) @executable_path/Frameworks @loader_path/Frameworks";
				PRODUCT_BUNDLE_IDENTIFIER = com.zxy.ElevatorMaintainUITests;
				PRODUCT_NAME = "$(TARGET_NAME)";
				TARGETED_DEVICE_FAMILY = "1,2";
				TEST_TARGET_NAME = ElevatorMaintain;
			};
			name = Release;
		};
/* End XCBuildConfiguration section */

/* Begin XCConfigurationList section */
		2E9A4E911F7E6F2900F267FA /* Build configuration list for PBXProject "ElevatorMaintain" */ = {
			isa = XCConfigurationList;
			buildConfigurations = (
				2E9A4EC01F7E6F2A00F267FA /* Debug */,
				2E9A4EC11F7E6F2A00F267FA /* Release */,
			);
			defaultConfigurationIsVisible = 0;
			defaultConfigurationName = Release;
		};
		2E9A4EC21F7E6F2A00F267FA /* Build configuration list for PBXNativeTarget "ElevatorMaintain" */ = {
			isa = XCConfigurationList;
			buildConfigurations = (
				2E9A4EC31F7E6F2A00F267FA /* Debug */,
				2E9A4EC41F7E6F2A00F267FA /* Release */,
			);
			defaultConfigurationIsVisible = 0;
			defaultConfigurationName = Release;
		};
		2E9A4EC51F7E6F2A00F267FA /* Build configuration list for PBXNativeTarget "ElevatorMaintainTests" */ = {
			isa = XCConfigurationList;
			buildConfigurations = (
				2E9A4EC61F7E6F2A00F267FA /* Debug */,
				2E9A4EC71F7E6F2A00F267FA /* Release */,
			);
			defaultConfigurationIsVisible = 0;
			defaultConfigurationName = Release;
		};
		2E9A4EC81F7E6F2A00F267FA /* Build configuration list for PBXNativeTarget "ElevatorMaintainUITests" */ = {
			isa = XCConfigurationList;
			buildConfigurations = (
				2E9A4EC91F7E6F2A00F267FA /* Debug */,
				2E9A4ECA1F7E6F2A00F267FA /* Release */,
			);
			defaultConfigurationIsVisible = 0;
			defaultConfigurationName = Release;
		};
/* End XCConfigurationList section */
	};
	rootObject = 2E9A4E8E1F7E6F2900F267FA /* Project object */;
}
